// !$*UTF8*$!
{
	archiveVersion = 1;
	classes = {
	};
	objectVersion = 56;
	objects = {

/* Begin PBXBuildFile section */
		0303A21329F533D900E14EF4 /* FavoriteButton.swift in Sources */ = {isa = PBXBuildFile; fileRef = 0303A21229F533D900E14EF4 /* FavoriteButton.swift */; };
		0377CAED29F4D9B100719D15 /* landmarkData.json in Resources */ = {isa = PBXBuildFile; fileRef = 0377CAEC29F4D9B100719D15 /* landmarkData.json */; };
		0377CAEF29F4D9E500719D15 /* Landmark.swift in Sources */ = {isa = PBXBuildFile; fileRef = 0377CAEE29F4D9E500719D15 /* Landmark.swift */; };
		0377CAF229F4DCBE00719D15 /* ModelData.swift in Sources */ = {isa = PBXBuildFile; fileRef = 0377CAF129F4DCBE00719D15 /* ModelData.swift */; };
		0377CAF529F4DEF700719D15 /* LandmarkRow.swift in Sources */ = {isa = PBXBuildFile; fileRef = 0377CAF429F4DEF700719D15 /* LandmarkRow.swift */; };
		038C44BD29F5042C00A9FE05 /* LandmarkList.swift in Sources */ = {isa = PBXBuildFile; fileRef = 038C44BC29F5042C00A9FE05 /* LandmarkList.swift */; };
		038C44C329F50D3800A9FE05 /* LandmarkDetail.swift in Sources */ = {isa = PBXBuildFile; fileRef = 038C44C229F50D3800A9FE05 /* LandmarkDetail.swift */; };
		528D499829F3EA67007ED2EF /* LandMarksApp.swift in Sources */ = {isa = PBXBuildFile; fileRef = 528D499729F3EA67007ED2EF /* LandMarksApp.swift */; };
		528D499A29F3EA67007ED2EF /* ContentView.swift in Sources */ = {isa = PBXBuildFile; fileRef = 528D499929F3EA67007ED2EF /* ContentView.swift */; };
		528D499C29F3EA6A007ED2EF /* Assets.xcassets in Resources */ = {isa = PBXBuildFile; fileRef = 528D499B29F3EA6A007ED2EF /* Assets.xcassets */; };
		528D499F29F3EA6A007ED2EF /* Preview Assets.xcassets in Resources */ = {isa = PBXBuildFile; fileRef = 528D499E29F3EA6A007ED2EF /* Preview Assets.xcassets */; };
		528D49A629F41B01007ED2EF /* CircleImage.swift in Sources */ = {isa = PBXBuildFile; fileRef = 528D49A529F41B01007ED2EF /* CircleImage.swift */; };
		528D49A829F41E73007ED2EF /* MapView.swift in Sources */ = {isa = PBXBuildFile; fileRef = 528D49A729F41E73007ED2EF /* MapView.swift */; };
/* End PBXBuildFile section */

/* Begin PBXFileReference section */
		0303A21229F533D900E14EF4 /* FavoriteButton.swift */ = {isa = PBXFileReference; lastKnownFileType = sourcecode.swift; path = FavoriteButton.swift; sourceTree = "<group>"; };
		0377CAEC29F4D9B100719D15 /* landmarkData.json */ = {isa = PBXFileReference; fileEncoding = 4; lastKnownFileType = text.json; path = landmarkData.json; sourceTree = "<group>"; };
		0377CAEE29F4D9E500719D15 /* Landmark.swift */ = {isa = PBXFileReference; lastKnownFileType = sourcecode.swift; path = Landmark.swift; sourceTree = "<group>"; };
		0377CAF129F4DCBE00719D15 /* ModelData.swift */ = {isa = PBXFileReference; lastKnownFileType = sourcecode.swift; path = ModelData.swift; sourceTree = "<group>"; };
		0377CAF429F4DEF700719D15 /* LandmarkRow.swift */ = {isa = PBXFileReference; lastKnownFileType = sourcecode.swift; path = LandmarkRow.swift; sourceTree = "<group>"; };
		038C44BC29F5042C00A9FE05 /* LandmarkList.swift */ = {isa = PBXFileReference; lastKnownFileType = sourcecode.swift; path = LandmarkList.swift; sourceTree = "<group>"; };
		038C44C229F50D3800A9FE05 /* LandmarkDetail.swift */ = {isa = PBXFileReference; lastKnownFileType = sourcecode.swift; path = LandmarkDetail.swift; sourceTree = "<group>"; };
		528D499429F3EA67007ED2EF /* LandMarks.app */ = {isa = PBXFileReference; explicitFileType = wrapper.application; includeInIndex = 0; path = LandMarks.app; sourceTree = BUILT_PRODUCTS_DIR; };
		528D499729F3EA67007ED2EF /* LandMarksApp.swift */ = {isa = PBXFileReference; lastKnownFileType = sourcecode.swift; path = LandMarksApp.swift; sourceTree = "<group>"; };
		528D499929F3EA67007ED2EF /* ContentView.swift */ = {isa = PBXFileReference; lastKnownFileType = sourcecode.swift; path = ContentView.swift; sourceTree = "<group>"; };
		528D499B29F3EA6A007ED2EF /* Assets.xcassets */ = {isa = PBXFileReference; lastKnownFileType = folder.assetcatalog; path = Assets.xcassets; sourceTree = "<group>"; };
		528D499E29F3EA6A007ED2EF /* Preview Assets.xcassets */ = {isa = PBXFileReference; lastKnownFileType = folder.assetcatalog; path = "Preview Assets.xcassets"; sourceTree = "<group>"; };
		528D49A529F41B01007ED2EF /* CircleImage.swift */ = {isa = PBXFileReference; lastKnownFileType = sourcecode.swift; path = CircleImage.swift; sourceTree = "<group>"; };
		528D49A729F41E73007ED2EF /* MapView.swift */ = {isa = PBXFileReference; lastKnownFileType = sourcecode.swift; path = MapView.swift; sourceTree = "<group>"; };
/* End PBXFileReference section */

/* Begin PBXFrameworksBuildPhase section */
		528D499129F3EA67007ED2EF /* Frameworks */ = {
			isa = PBXFrameworksBuildPhase;
			buildActionMask = 2147483647;
			files = (
			);
			runOnlyForDeploymentPostprocessing = 0;
		};
/* End PBXFrameworksBuildPhase section */

/* Begin PBXGroup section */
		0303A21429F534DC00E14EF4 /* Helpers */ = {
			isa = PBXGroup;
			children = (
				528D49A529F41B01007ED2EF /* CircleImage.swift */,
				0303A21229F533D900E14EF4 /* FavoriteButton.swift */,
				528D49A729F41E73007ED2EF /* MapView.swift */,
			);
			path = Helpers;
			sourceTree = "<group>";
		};
		0303A21529F534E900E14EF4 /* Landmarks */ = {
			isa = PBXGroup;
			children = (
				038C44BC29F5042C00A9FE05 /* LandmarkList.swift */,
				038C44C229F50D3800A9FE05 /* LandmarkDetail.swift */,
				0377CAF429F4DEF700719D15 /* LandmarkRow.swift */,
			);
			path = Landmarks;
			sourceTree = "<group>";
		};
		0377CAEB29F4D99600719D15 /* Resource */ = {
			isa = PBXGroup;
			children = (
				0377CAEC29F4D9B100719D15 /* landmarkData.json */,
			);
			path = Resource;
			sourceTree = "<group>";
		};
		0377CAF029F4DB3A00719D15 /* Views */ = {
			isa = PBXGroup;
			children = (
				0303A21529F534E900E14EF4 /* Landmarks */,
				0303A21429F534DC00E14EF4 /* Helpers */,
				528D499929F3EA67007ED2EF /* ContentView.swift */,
			);
			path = Views;
			sourceTree = "<group>";
		};
		0377CAF329F4DD3F00719D15 /* Model */ = {
			isa = PBXGroup;
			children = (
				0377CAEE29F4D9E500719D15 /* Landmark.swift */,
				0377CAF129F4DCBE00719D15 /* ModelData.swift */,
			);
			path = Model;
			sourceTree = "<group>";
		};
		528D498B29F3EA67007ED2EF = {
			isa = PBXGroup;
			children = (
				528D499629F3EA67007ED2EF /* LandMarks */,
				528D499529F3EA67007ED2EF /* Products */,
			);
			sourceTree = "<group>";
		};
		528D499529F3EA67007ED2EF /* Products */ = {
			isa = PBXGroup;
			children = (
				528D499429F3EA67007ED2EF /* LandMarks.app */,
			);
			name = Products;
			sourceTree = "<group>";
		};
		528D499629F3EA67007ED2EF /* LandMarks */ = {
			isa = PBXGroup;
			children = (
				0377CAF329F4DD3F00719D15 /* Model */,
				0377CAF029F4DB3A00719D15 /* Views */,
				0377CAEB29F4D99600719D15 /* Resource */,
				528D499729F3EA67007ED2EF /* LandMarksApp.swift */,
				528D499B29F3EA6A007ED2EF /* Assets.xcassets */,
				528D499D29F3EA6A007ED2EF /* Preview Content */,
			);
			path = LandMarks;
			sourceTree = "<group>";
		};
		528D499D29F3EA6A007ED2EF /* Preview Content */ = {
			isa = PBXGroup;
			children = (
				528D499E29F3EA6A007ED2EF /* Preview Assets.xcassets */,
			);
			path = "Preview Content";
			sourceTree = "<group>";
		};
/* End PBXGroup section */

/* Begin PBXNativeTarget section */
		528D499329F3EA67007ED2EF /* LandMarks */ = {
			isa = PBXNativeTarget;
			buildConfigurationList = 528D49A229F3EA6A007ED2EF /* Build configuration list for PBXNativeTarget "LandMarks" */;
			buildPhases = (
				528D499029F3EA67007ED2EF /* Sources */,
				528D499129F3EA67007ED2EF /* Frameworks */,
				528D499229F3EA67007ED2EF /* Resources */,
			);
			buildRules = (
			);
			dependencies = (
			);
			name = LandMarks;
			productName = LandMarks;
			productReference = 528D499429F3EA67007ED2EF /* LandMarks.app */;
			productType = "com.apple.product-type.application";
		};
/* End PBXNativeTarget section */

/* Begin PBXProject section */
		528D498C29F3EA67007ED2EF /* Project object */ = {
			isa = PBXProject;
			attributes = {
				BuildIndependentTargetsInParallel = 1;
				LastSwiftUpdateCheck = 1420;
				LastUpgradeCheck = 1420;
				TargetAttributes = {
					528D499329F3EA67007ED2EF = {
						CreatedOnToolsVersion = 14.2;
					};
				};
			};
			buildConfigurationList = 528D498F29F3EA67007ED2EF /* Build configuration list for PBXProject "LandMarks" */;
			compatibilityVersion = "Xcode 14.0";
			developmentRegion = en;
			hasScannedForEncodings = 0;
			knownRegions = (
				en,
				Base,
			);
			mainGroup = 528D498B29F3EA67007ED2EF;
			productRefGroup = 528D499529F3EA67007ED2EF /* Products */;
			projectDirPath = "";
			projectRoot = "";
			targets = (
				528D499329F3EA67007ED2EF /* LandMarks */,
			);
		};
/* End PBXProject section */

/* Begin PBXResourcesBuildPhase section */
		528D499229F3EA67007ED2EF /* Resources */ = {
			isa = PBXResourcesBuildPhase;
			buildActionMask = 2147483647;
			files = (
				528D499F29F3EA6A007ED2EF /* Preview Assets.xcassets in Resources */,
				528D499C29F3EA6A007ED2EF /* Assets.xcassets in Resources */,
				0377CAED29F4D9B100719D15 /* landmarkData.json in Resources */,
			);
			runOnlyForDeploymentPostprocessing = 0;
		};
/* End PBXResourcesBuildPhase section */

/* Begin PBXSourcesBuildPhase section */
		528D499029F3EA67007ED2EF /* Sources */ = {
			isa = PBXSourcesBuildPhase;
			buildActionMask = 2147483647;
			files = (
				528D499A29F3EA67007ED2EF /* ContentView.swift in Sources */,
				528D49A829F41E73007ED2EF /* MapView.swift in Sources */,
				528D499829F3EA67007ED2EF /* LandMarksApp.swift in Sources */,
				0303A21329F533D900E14EF4 /* FavoriteButton.swift in Sources */,
				038C44BD29F5042C00A9FE05 /* LandmarkList.swift in Sources */,
				038C44C329F50D3800A9FE05 /* LandmarkDetail.swift in Sources */,
				528D49A629F41B01007ED2EF /* CircleImage.swift in Sources */,
				0377CAEF29F4D9E500719D15 /* Landmark.swift in Sources */,
				0377CAF529F4DEF700719D15 /* LandmarkRow.swift in Sources */,
				0377CAF229F4DCBE00719D15 /* ModelData.swift in Sources */,
			);
			runOnlyForDeploymentPostprocessing = 0;
		};
/* End PBXSourcesBuildPhase section */

/* Begin XCBuildConfiguration section */
		528D49A029F3EA6A007ED2EF /* Debug */ = {
			isa = XCBuildConfiguration;
			buildSettings = {
				ALWAYS_SEARCH_USER_PATHS = NO;
				CLANG_ANALYZER_NONNULL = YES;
				CLANG_ANALYZER_NUMBER_OBJECT_CONVERSION = YES_AGGRESSIVE;
				CLANG_CXX_LANGUAGE_STANDARD = "gnu++20";
				CLANG_ENABLE_MODULES = YES;
				CLANG_ENABLE_OBJC_ARC = YES;
				CLANG_ENABLE_OBJC_WEAK = YES;
				CLANG_WARN_BLOCK_CAPTURE_AUTORELEASING = YES;
				CLANG_WARN_BOOL_CONVERSION = YES;
				CLANG_WARN_COMMA = YES;
				CLANG_WARN_CONSTANT_CONVERSION = YES;
				CLANG_WARN_DEPRECATED_OBJC_IMPLEMENTATIONS = YES;
				CLANG_WARN_DIRECT_OBJC_ISA_USAGE = YES_ERROR;
				CLANG_WARN_DOCUMENTATION_COMMENTS = YES;
				CLANG_WARN_EMPTY_BODY = YES;
				CLANG_WARN_ENUM_CONVERSION = YES;
				CLANG_WARN_INFINITE_RECURSION = YES;
				CLANG_WARN_INT_CONVERSION = YES;
				CLANG_WARN_NON_LITERAL_NULL_CONVERSION = YES;
				CLANG_WARN_OBJC_IMPLICIT_RETAIN_SELF = YES;
				CLANG_WARN_OBJC_LITERAL_CONVERSION = YES;
				CLANG_WARN_OBJC_ROOT_CLASS = YES_ERROR;
				CLANG_WARN_QUOTED_INCLUDE_IN_FRAMEWORK_HEADER = YES;
				CLANG_WARN_RANGE_LOOP_ANALYSIS = YES;
				CLANG_WARN_STRICT_PROTOTYPES = YES;
				CLANG_WARN_SUSPICIOUS_MOVE = YES;
				CLANG_WARN_UNGUARDED_AVAILABILITY = YES_AGGRESSIVE;
				CLANG_WARN_UNREACHABLE_CODE = YES;
				CLANG_WARN__DUPLICATE_METHOD_MATCH = YES;
				COPY_PHASE_STRIP = NO;
				DEBUG_INFORMATION_FORMAT = dwarf;
				ENABLE_STRICT_OBJC_MSGSEND = YES;
				ENABLE_TESTABILITY = YES;
				GCC_C_LANGUAGE_STANDARD = gnu11;
				GCC_DYNAMIC_NO_PIC = NO;
				GCC_NO_COMMON_BLOCKS = YES;
				GCC_OPTIMIZATION_LEVEL = 0;
				GCC_PREPROCESSOR_DEFINITIONS = (
					"DEBUG=1",
					"$(inherited)",
				);
				GCC_WARN_64_TO_32_BIT_CONVERSION = YES;
				GCC_WARN_ABOUT_RETURN_TYPE = YES_ERROR;
				GCC_WARN_UNDECLARED_SELECTOR = YES;
				GCC_WARN_UNINITIALIZED_AUTOS = YES_AGGRESSIVE;
				GCC_WARN_UNUSED_FUNCTION = YES;
				GCC_WARN_UNUSED_VARIABLE = YES;
				IPHONEOS_DEPLOYMENT_TARGET = 16.2;
				MTL_ENABLE_DEBUG_INFO = INCLUDE_SOURCE;
				MTL_FAST_MATH = YES;
				ONLY_ACTIVE_ARCH = YES;
				SDKROOT = iphoneos;
				SWIFT_ACTIVE_COMPILATION_CONDITIONS = DEBUG;
				SWIFT_OPTIMIZATION_LEVEL = "-Onone";
			};
			name = Debug;
		};
		528D49A129F3EA6A007ED2EF /* Release */ = {
			isa = XCBuildConfiguration;
			buildSettings = {
				ALWAYS_SEARCH_USER_PATHS = NO;
				CLANG_ANALYZER_NONNULL = YES;
				CLANG_ANALYZER_NUMBER_OBJECT_CONVERSION = YES_AGGRESSIVE;
				CLANG_CXX_LANGUAGE_STANDARD = "gnu++20";
				CLANG_ENABLE_MODULES = YES;
				CLANG_ENABLE_OBJC_ARC = YES;
				CLANG_ENABLE_OBJC_WEAK = YES;
				CLANG_WARN_BLOCK_CAPTURE_AUTORELEASING = YES;
				CLANG_WARN_BOOL_CONVERSION = YES;
				CLANG_WARN_COMMA = YES;
				CLANG_WARN_CONSTANT_CONVERSION = YES;
				CLANG_WARN_DEPRECATED_OBJC_IMPLEMENTATIONS = YES;
				CLANG_WARN_DIRECT_OBJC_ISA_USAGE = YES_ERROR;
				CLANG_WARN_DOCUMENTATION_COMMENTS = YES;
				CLANG_WARN_EMPTY_BODY = YES;
				CLANG_WARN_ENUM_CONVERSION = YES;
				CLANG_WARN_INFINITE_RECURSION = YES;
				CLANG_WARN_INT_CONVERSION = YES;
				CLANG_WARN_NON_LITERAL_NULL_CONVERSION = YES;
				CLANG_WARN_OBJC_IMPLICIT_RETAIN_SELF = YES;
				CLANG_WARN_OBJC_LITERAL_CONVERSION = YES;
				CLANG_WARN_OBJC_ROOT_CLASS = YES_ERROR;
				CLANG_WARN_QUOTED_INCLUDE_IN_FRAMEWORK_HEADER = YES;
				CLANG_WARN_RANGE_LOOP_ANALYSIS = YES;
				CLANG_WARN_STRICT_PROTOTYPES = YES;
				CLANG_WARN_SUSPICIOUS_MOVE = YES;
				CLANG_WARN_UNGUARDED_AVAILABILITY = YES_AGGRESSIVE;
				CLANG_WARN_UNREACHABLE_CODE = YES;
				CLANG_WARN__DUPLICATE_METHOD_MATCH = YES;
				COPY_PHASE_STRIP = NO;
				DEBUG_INFORMATION_FORMAT = "dwarf-with-dsym";
				ENABLE_NS_ASSERTIONS = NO;
				ENABLE_STRICT_OBJC_MSGSEND = YES;
				GCC_C_LANGUAGE_STANDARD = gnu11;
				GCC_NO_COMMON_BLOCKS = YES;
				GCC_WARN_64_TO_32_BIT_CONVERSION = YES;
				GCC_WARN_ABOUT_RETURN_TYPE = YES_ERROR;
				GCC_WARN_UNDECLARED_SELECTOR = YES;
				GCC_WARN_UNINITIALIZED_AUTOS = YES_AGGRESSIVE;
				GCC_WARN_UNUSED_FUNCTION = YES;
				GCC_WARN_UNUSED_VARIABLE = YES;
				IPHONEOS_DEPLOYMENT_TARGET = 16.2;
				MTL_ENABLE_DEBUG_INFO = NO;
				MTL_FAST_MATH = YES;
				SDKROOT = iphoneos;
				SWIFT_COMPILATION_MODE = wholemodule;
				SWIFT_OPTIMIZATION_LEVEL = "-O";
				VALIDATE_PRODUCT = YES;
			};
			name = Release;
		};
		528D49A329F3EA6A007ED2EF /* Debug */ = {
			isa = XCBuildConfiguration;
			buildSettings = {
				ASSETCATALOG_COMPILER_APPICON_NAME = AppIcon;
				ASSETCATALOG_COMPILER_GLOBAL_ACCENT_COLOR_NAME = AccentColor;
				CODE_SIGN_STYLE = Automatic;
				CURRENT_PROJECT_VERSION = 1;
				DEVELOPMENT_ASSET_PATHS = "\"LandMarks/Preview Content\"";
				DEVELOPMENT_TEAM = 889YV4CU7Z;
				ENABLE_PREVIEWS = YES;
				GENERATE_INFOPLIST_FILE = YES;
				INFOPLIST_KEY_UIApplicationSceneManifest_Generation = YES;
				INFOPLIST_KEY_UIApplicationSupportsIndirectInputEvents = YES;
				INFOPLIST_KEY_UILaunchScreen_Generation = YES;
				INFOPLIST_KEY_UISupportedInterfaceOrientations_iPad = "UIInterfaceOrientationPortrait UIInterfaceOrientationPortraitUpsideDown UIInterfaceOrientationLandscapeLeft UIInterfaceOrientationLandscapeRight";
				INFOPLIST_KEY_UISupportedInterfaceOrientations_iPhone = "UIInterfaceOrientationPortrait UIInterfaceOrientationLandscapeLeft UIInterfaceOrientationLandscapeRight";
				IPHONEOS_DEPLOYMENT_TARGET = 15.0;
				LD_RUNPATH_SEARCH_PATHS = (
					"$(inherited)",
					"@executable_path/Frameworks",
				);
				MARKETING_VERSION = 1.0;
				PRODUCT_BUNDLE_IDENTIFIER = io.ispacc.LandMarks;
				PRODUCT_NAME = "$(TARGET_NAME)";
				SWIFT_EMIT_LOC_STRINGS = YES;
				SWIFT_VERSION = 5.0;
				TARGETED_DEVICE_FAMILY = "1,2";
			};
			name = Debug;
		};
		528D49A429F3EA6A007ED2EF /* Release */ = {
			isa = XCBuildConfiguration;
			buildSettings = {
				ASSETCATALOG_COMPILER_APPICON_NAME = AppIcon;
				ASSETCATALOG_COMPILER_GLOBAL_ACCENT_COLOR_NAME = AccentColor;
				CODE_SIGN_STYLE = Automatic;
				CURRENT_PROJECT_VERSION = 1;
				DEVELOPMENT_ASSET_PATHS = "\"LandMarks/Preview Content\"";
				DEVELOPMENT_TEAM = 889YV4CU7Z;
				ENABLE_PREVIEWS = YES;
				GENERATE_INFOPLIST_FILE = YES;
				INFOPLIST_KEY_UIApplicationSceneManifest_Generation = YES;
				INFOPLIST_KEY_UIApplicationSupportsIndirectInputEvents = YES;
				INFOPLIST_KEY_UILaunchScreen_Generation = YES;
				INFOPLIST_KEY_UISupportedInterfaceOrientations_iPad = "UIInterfaceOrientationPortrait UIInterfaceOrientationPortraitUpsideDown UIInterfaceOrientationLandscapeLeft UIInterfaceOrientationLandscapeRight";
				INFOPLIST_KEY_UISupportedInterfaceOrientations_iPhone = "UIInterfaceOrientationPortrait UIInterfaceOrientationLandscapeLeft UIInterfaceOrientationLandscapeRight";
				IPHONEOS_DEPLOYMENT_TARGET = 15.0;
				LD_RUNPATH_SEARCH_PATHS = (
					"$(inherited)",
					"@executable_path/Frameworks",
				);
				MARKETING_VERSION = 1.0;
				PRODUCT_BUNDLE_IDENTIFIER = io.ispacc.LandMarks;
				PRODUCT_NAME = "$(TARGET_NAME)";
				SWIFT_EMIT_LOC_STRINGS = YES;
				SWIFT_VERSION = 5.0;
				TARGETED_DEVICE_FAMILY = "1,2";
			};
			name = Release;
		};
/* End XCBuildConfiguration section */

/* Begin XCConfigurationList section */
		528D498F29F3EA67007ED2EF /* Build configuration list for PBXProject "LandMarks" */ = {
			isa = XCConfigurationList;
			buildConfigurations = (
				528D49A029F3EA6A007ED2EF /* Debug */,
				528D49A129F3EA6A007ED2EF /* Release */,
			);
			defaultConfigurationIsVisible = 0;
			defaultConfigurationName = Release;
		};
		528D49A229F3EA6A007ED2EF /* Build configuration list for PBXNativeTarget "LandMarks" */ = {
			isa = XCConfigurationList;
			buildConfigurations = (
				528D49A329F3EA6A007ED2EF /* Debug */,
				528D49A429F3EA6A007ED2EF /* Release */,
			);
			defaultConfigurationIsVisible = 0;
			defaultConfigurationName = Release;
		};
/* End XCConfigurationList section */
	};
	rootObject = 528D498C29F3EA67007ED2EF /* Project object */;
}
